
Microsoft Visual Studio Solution File, Format Version 12.00
Project("{2150E333-8FDC-42A3-9474-1A3956D46DE8}") = "Services", "Services", "{6B351636-59A5-405C-9E00-682736F48C56}"
EndProject
Project("{2150E333-8FDC-42A3-9474-1A3956D46DE8}") = "Catalog", "Catalog", "{5D12362F-1F5A-4F0A-8E98-8F555596CFFB}"
EndProject
Project("{FAE04EC0-301F-11D3-BF4B-00C04F79EFBC}") = "Catalog.API", "Catalog\Catalog.API\Catalog.API.csproj", "{2BBB1CC0-7CE3-45F6-839C-FF6C6E325228}"
EndProject
Project("{FAE04EC0-301F-11D3-BF4B-00C04F79EFBC}") = "Catalog.Core", "Catalog\Catalog.Core\Catalog.Core.csproj", "{CF5F5194-8F73-44D0-88FF-DF5D3E68E20A}"
EndProject
Project("{FAE04EC0-301F-11D3-BF4B-00C04F79EFBC}") = "Catalog.Application", "Catalog\Catalog.Application\Catalog.Application.csproj", "{583C3DC4-BED6-41CE-AD80-F4E27056FFC9}"
EndProject
Project("{FAE04EC0-301F-11D3-BF4B-00C04F79EFBC}") = "Catalog.Infraestructure", "Catalog\Catalog.Infraestructure\Catalog.Infraestructure.csproj", "{572B6C81-FC0B-49A5-B1A6-2F9F900624B5}"
EndProject
Global
	GlobalSection(SolutionConfigurationPlatforms) = preSolution
		Debug|Any CPU = Debug|Any CPU
		Release|Any CPU = Release|Any CPU
	EndGlobalSection
	GlobalSection(NestedProjects) = preSolution
		{5D12362F-1F5A-4F0A-8E98-8F555596CFFB} = {6B351636-59A5-405C-9E00-682736F48C56}
		{2BBB1CC0-7CE3-45F6-839C-FF6C6E325228} = {5D12362F-1F5A-4F0A-8E98-8F555596CFFB}
		{CF5F5194-8F73-44D0-88FF-DF5D3E68E20A} = {5D12362F-1F5A-4F0A-8E98-8F555596CFFB}
		{583C3DC4-BED6-41CE-AD80-F4E27056FFC9} = {5D12362F-1F5A-4F0A-8E98-8F555596CFFB}
		{572B6C81-FC0B-49A5-B1A6-2F9F900624B5} = {5D12362F-1F5A-4F0A-8E98-8F555596CFFB}
	EndGlobalSection
	GlobalSection(ProjectConfigurationPlatforms) = postSolution
		{2BBB1CC0-7CE3-45F6-839C-FF6C6E325228}.Debug|Any CPU.ActiveCfg = Debug|Any CPU
		{2BBB1CC0-7CE3-45F6-839C-FF6C6E325228}.Debug|Any CPU.Build.0 = Debug|Any CPU
		{2BBB1CC0-7CE3-45F6-839C-FF6C6E325228}.Release|Any CPU.ActiveCfg = Release|Any CPU
		{2BBB1CC0-7CE3-45F6-839C-FF6C6E325228}.Release|Any CPU.Build.0 = Release|Any CPU
		{CF5F5194-8F73-44D0-88FF-DF5D3E68E20A}.Debug|Any CPU.ActiveCfg = Debug|Any CPU
		{CF5F5194-8F73-44D0-88FF-DF5D3E68E20A}.Debug|Any CPU.Build.0 = Debug|Any CPU
		{CF5F5194-8F73-44D0-88FF-DF5D3E68E20A}.Release|Any CPU.ActiveCfg = Release|Any CPU
		{CF5F5194-8F73-44D0-88FF-DF5D3E68E20A}.Release|Any CPU.Build.0 = Release|Any CPU
		{583C3DC4-BED6-41CE-AD80-F4E27056FFC9}.Debug|Any CPU.ActiveCfg = Debug|Any CPU
		{583C3DC4-BED6-41CE-AD80-F4E27056FFC9}.Debug|Any CPU.Build.0 = Debug|Any CPU
		{583C3DC4-BED6-41CE-AD80-F4E27056FFC9}.Release|Any CPU.ActiveCfg = Release|Any CPU
		{583C3DC4-BED6-41CE-AD80-F4E27056FFC9}.Release|Any CPU.Build.0 = Release|Any CPU
		{572B6C81-FC0B-49A5-B1A6-2F9F900624B5}.Debug|Any CPU.ActiveCfg = Debug|Any CPU
		{572B6C81-FC0B-49A5-B1A6-2F9F900624B5}.Debug|Any CPU.Build.0 = Debug|Any CPU
		{572B6C81-FC0B-49A5-B1A6-2F9F900624B5}.Release|Any CPU.ActiveCfg = Release|Any CPU
		{572B6C81-FC0B-49A5-B1A6-2F9F900624B5}.Release|Any CPU.Build.0 = Release|Any CPU
	EndGlobalSection
EndGlobal
