
Microsoft Visual Studio Solution File, Format Version 12.00
# Visual Studio Version 17
VisualStudioVersion = 17.5.33414.496
MinimumVisualStudioVersion = 10.0.40219.1
Project("{2150E333-8FDC-42A3-9474-1A3956D46DE8}") = "Services", "Services", "{6B351636-59A5-405C-9E00-682736F48C56}"
EndProject
Project("{2150E333-8FDC-42A3-9474-1A3956D46DE8}") = "Catalog", "Catalog", "{5D12362F-1F5A-4F0A-8E98-8F555596CFFB}"
EndProject
Project("{9A19103F-16F7-4668-BE54-9A1E7A4F7556}") = "Catalog.API", "Services\Catalog\Catalog.API\Catalog.API.csproj", "{FE6E9167-8B76-4CCD-88A5-95B4BE6FC505}"
EndProject
Project("{9A19103F-16F7-4668-BE54-9A1E7A4F7556}") = "Catalog.Application", "Services\Catalog\Catalog.Application\Catalog.Application.csproj", "{BE25F5D1-7C6F-4622-B041-2B1571F64228}"
EndProject
Project("{9A19103F-16F7-4668-BE54-9A1E7A4F7556}") = "Catalog.Core", "Services\Catalog\Catalog.Core\Catalog.Core.csproj", "{12D8EAAD-E094-41D3-AE64-D1056D33FFF5}"
EndProject
Project("{9A19103F-16F7-4668-BE54-9A1E7A4F7556}") = "Catalog.Infraestructure", "Services\Catalog\Catalog.Infraestructure\Catalog.Infraestructure.csproj", "{2BC03E32-451D-4D2C-810D-A202EDA647C4}"
EndProject
Global
	GlobalSection(SolutionConfigurationPlatforms) = preSolution
		Debug|Any CPU = Debug|Any CPU
		Release|Any CPU = Release|Any CPU
	EndGlobalSection
	GlobalSection(ProjectConfigurationPlatforms) = postSolution
		{FE6E9167-8B76-4CCD-88A5-95B4BE6FC505}.Debug|Any CPU.ActiveCfg = Debug|Any CPU
		{FE6E9167-8B76-4CCD-88A5-95B4BE6FC505}.Debug|Any CPU.Build.0 = Debug|Any CPU
		{FE6E9167-8B76-4CCD-88A5-95B4BE6FC505}.Release|Any CPU.ActiveCfg = Release|Any CPU
		{FE6E9167-8B76-4CCD-88A5-95B4BE6FC505}.Release|Any CPU.Build.0 = Release|Any CPU
		{BE25F5D1-7C6F-4622-B041-2B1571F64228}.Debug|Any CPU.ActiveCfg = Debug|Any CPU
		{BE25F5D1-7C6F-4622-B041-2B1571F64228}.Debug|Any CPU.Build.0 = Debug|Any CPU
		{BE25F5D1-7C6F-4622-B041-2B1571F64228}.Release|Any CPU.ActiveCfg = Release|Any CPU
		{BE25F5D1-7C6F-4622-B041-2B1571F64228}.Release|Any CPU.Build.0 = Release|Any CPU
		{12D8EAAD-E094-41D3-AE64-D1056D33FFF5}.Debug|Any CPU.ActiveCfg = Debug|Any CPU
		{12D8EAAD-E094-41D3-AE64-D1056D33FFF5}.Debug|Any CPU.Build.0 = Debug|Any CPU
		{12D8EAAD-E094-41D3-AE64-D1056D33FFF5}.Release|Any CPU.ActiveCfg = Release|Any CPU
		{12D8EAAD-E094-41D3-AE64-D1056D33FFF5}.Release|Any CPU.Build.0 = Release|Any CPU
		{2BC03E32-451D-4D2C-810D-A202EDA647C4}.Debug|Any CPU.ActiveCfg = Debug|Any CPU
		{2BC03E32-451D-4D2C-810D-A202EDA647C4}.Debug|Any CPU.Build.0 = Debug|Any CPU
		{2BC03E32-451D-4D2C-810D-A202EDA647C4}.Release|Any CPU.ActiveCfg = Release|Any CPU
		{2BC03E32-451D-4D2C-810D-A202EDA647C4}.Release|Any CPU.Build.0 = Release|Any CPU
	EndGlobalSection
	GlobalSection(SolutionProperties) = preSolution
		HideSolutionNode = FALSE
	EndGlobalSection
	GlobalSection(NestedProjects) = preSolution
		{5D12362F-1F5A-4F0A-8E98-8F555596CFFB} = {6B351636-59A5-405C-9E00-682736F48C56}
		{FE6E9167-8B76-4CCD-88A5-95B4BE6FC505} = {5D12362F-1F5A-4F0A-8E98-8F555596CFFB}
		{BE25F5D1-7C6F-4622-B041-2B1571F64228} = {5D12362F-1F5A-4F0A-8E98-8F555596CFFB}
		{12D8EAAD-E094-41D3-AE64-D1056D33FFF5} = {5D12362F-1F5A-4F0A-8E98-8F555596CFFB}
		{2BC03E32-451D-4D2C-810D-A202EDA647C4} = {5D12362F-1F5A-4F0A-8E98-8F555596CFFB}
	EndGlobalSection
EndGlobal
